
Microsoft Visual Studio Solution File, Format Version 12.00
# Visual Studio Version 16
VisualStudioVersion = 16.0.31829.152
MinimumVisualStudioVersion = 10.0.40219.1
Project("{888888A0-9F3D-457C-B088-3A5042F75D52}") = "Misollar", "Misollar\Misollar.pyproj", "{61459657-1B2E-4163-AA8D-27BFA1705299}"
EndProject
Global
	GlobalSection(SolutionConfigurationPlatforms) = preSolution
		Debug|Any CPU = Debug|Any CPU
		Release|Any CPU = Release|Any CPU
	EndGlobalSection
	GlobalSection(ProjectConfigurationPlatforms) = postSolution
		{61459657-1B2E-4163-AA8D-27BFA1705299}.Debug|Any CPU.ActiveCfg = Debug|Any CPU
		{61459657-1B2E-4163-AA8D-27BFA1705299}.Release|Any CPU.ActiveCfg = Release|Any CPU
	EndGlobalSection
	GlobalSection(SolutionProperties) = preSolution
		HideSolutionNode = FALSE
	EndGlobalSection
	GlobalSection(ExtensibilityGlobals) = postSolution
		SolutionGuid = {6D6909AE-386E-4F09-BAB1-A230584D9CFC}
	EndGlobalSection
EndGlobal
